
Microsoft Visual Studio Solution File, Format Version 12.00
# Visual Studio Version 17
VisualStudioVersion = 17.4.33205.214
MinimumVisualStudioVersion = 10.0.40219.1
Project("{FAE04EC0-301F-11D3-BF4B-00C04F79EFBC}") = "RustAnalyzer", "RustAnalyzer\RustAnalyzer.csproj", "{A67D3E45-BA9F-44E7-B29A-3CBC43149EB8}"
EndProject
Project("{FAE04EC0-301F-11D3-BF4B-00C04F79EFBC}") = "RustAnalyzer.UnitTests", "RustAnalyzer.UnitTests\RustAnalyzer.UnitTests.csproj", "{D272BC7C-1B01-4489-A03B-461778DE7A51}"
EndProject
Project("{9A19103F-16F7-4668-BE54-9A1E7A4F7556}") = "RustAnalyzer.TestAdapter", "RustAnalyzer.TestAdapter\RustAnalyzer.TestAdapter.csproj", "{884A1604-99DE-46DC-AE8D-F5893CE1ABE1}"
EndProject
Project("{FAE04EC0-301F-11D3-BF4B-00C04F79EFBC}") = "RustAnalyzer.TestAdapter.UnitTests", "RustAnalyzer.TestAdapter.UnitTests\RustAnalyzer.TestAdapter.UnitTests.csproj", "{4B45D0AD-8813-4943-96B5-C319341E6554}"
EndProject
Project("{FAE04EC0-301F-11D3-BF4B-00C04F79EFBC}") = "RustDevelopmentPack", "RustDevelopmentPack\RustDevelopmentPack.csproj", "{85EBEF2E-3BA7-44C2-8E06-AC75FB01D56D}"
EndProject
Project("{9A19103F-16F7-4668-BE54-9A1E7A4F7556}") = "RustAnalyzer.Remote", "RustAnalyzer.Remote\RustAnalyzer.Remote.csproj", "{71147C7A-F27E-478B-A3A1-C006347C94DE}"
EndProject
Project("{FAE04EC0-301F-11D3-BF4B-00C04F79EFBC}") = "RustAnalyzer.Remote.UnitTests", "RustAnalyzer.Remote.UnitTests\RustAnalyzer.Remote.UnitTests.csproj", "{99B37CC5-2B5D-4CBA-923D-A8D7E3E63B6E}"
EndProject
Project("{2150E333-8FDC-42A3-9474-1A3956D46DE8}") = "Solution Items", "Solution Items", "{8916E0EB-F35E-4791-A6F8-26AFF6B9C24B}"
	ProjectSection(SolutionItems) = preProject
		RustAnalyzer.vsext = RustAnalyzer.vsext
	EndProjectSection
EndProject
Global
	GlobalSection(SolutionConfigurationPlatforms) = preSolution
		Debug|Any CPU = Debug|Any CPU
		Debug|arm64 = Debug|arm64
		Debug|x86 = Debug|x86
		Release|Any CPU = Release|Any CPU
		Release|arm64 = Release|arm64
		Release|x86 = Release|x86
	EndGlobalSection
	GlobalSection(ProjectConfigurationPlatforms) = postSolution
		{A67D3E45-BA9F-44E7-B29A-3CBC43149EB8}.Debug|Any CPU.ActiveCfg = Debug|Any CPU
		{A67D3E45-BA9F-44E7-B29A-3CBC43149EB8}.Debug|Any CPU.Build.0 = Debug|Any CPU
		{A67D3E45-BA9F-44E7-B29A-3CBC43149EB8}.Debug|arm64.ActiveCfg = Debug|arm64
		{A67D3E45-BA9F-44E7-B29A-3CBC43149EB8}.Debug|arm64.Build.0 = Debug|arm64
		{A67D3E45-BA9F-44E7-B29A-3CBC43149EB8}.Debug|x86.ActiveCfg = Debug|x86
		{A67D3E45-BA9F-44E7-B29A-3CBC43149EB8}.Debug|x86.Build.0 = Debug|x86
		{A67D3E45-BA9F-44E7-B29A-3CBC43149EB8}.Release|Any CPU.ActiveCfg = Release|Any CPU
		{A67D3E45-BA9F-44E7-B29A-3CBC43149EB8}.Release|Any CPU.Build.0 = Release|Any CPU
		{A67D3E45-BA9F-44E7-B29A-3CBC43149EB8}.Release|arm64.ActiveCfg = Release|arm64
		{A67D3E45-BA9F-44E7-B29A-3CBC43149EB8}.Release|arm64.Build.0 = Release|arm64
		{A67D3E45-BA9F-44E7-B29A-3CBC43149EB8}.Release|x86.ActiveCfg = Release|x86
		{A67D3E45-BA9F-44E7-B29A-3CBC43149EB8}.Release|x86.Build.0 = Release|x86
		{D272BC7C-1B01-4489-A03B-461778DE7A51}.Debug|Any CPU.ActiveCfg = Debug|Any CPU
		{D272BC7C-1B01-4489-A03B-461778DE7A51}.Debug|Any CPU.Build.0 = Debug|Any CPU
		{D272BC7C-1B01-4489-A03B-461778DE7A51}.Debug|arm64.ActiveCfg = Debug|Any CPU
		{D272BC7C-1B01-4489-A03B-461778DE7A51}.Debug|arm64.Build.0 = Debug|Any CPU
		{D272BC7C-1B01-4489-A03B-461778DE7A51}.Debug|x86.ActiveCfg = Debug|Any CPU
		{D272BC7C-1B01-4489-A03B-461778DE7A51}.Debug|x86.Build.0 = Debug|Any CPU
		{D272BC7C-1B01-4489-A03B-461778DE7A51}.Release|Any CPU.ActiveCfg = Release|Any CPU
		{D272BC7C-1B01-4489-A03B-461778DE7A51}.Release|Any CPU.Build.0 = Release|Any CPU
		{D272BC7C-1B01-4489-A03B-461778DE7A51}.Release|arm64.ActiveCfg = Release|Any CPU
		{D272BC7C-1B01-4489-A03B-461778DE7A51}.Release|arm64.Build.0 = Release|Any CPU
		{D272BC7C-1B01-4489-A03B-461778DE7A51}.Release|x86.ActiveCfg = Release|Any CPU
		{D272BC7C-1B01-4489-A03B-461778DE7A51}.Release|x86.Build.0 = Release|Any CPU
		{884A1604-99DE-46DC-AE8D-F5893CE1ABE1}.Debug|Any CPU.ActiveCfg = Debug|Any CPU
		{884A1604-99DE-46DC-AE8D-F5893CE1ABE1}.Debug|Any CPU.Build.0 = Debug|Any CPU
		{884A1604-99DE-46DC-AE8D-F5893CE1ABE1}.Debug|arm64.ActiveCfg = Debug|Any CPU
		{884A1604-99DE-46DC-AE8D-F5893CE1ABE1}.Debug|arm64.Build.0 = Debug|Any CPU
		{884A1604-99DE-46DC-AE8D-F5893CE1ABE1}.Debug|x86.ActiveCfg = Debug|Any CPU
		{884A1604-99DE-46DC-AE8D-F5893CE1ABE1}.Debug|x86.Build.0 = Debug|Any CPU
		{884A1604-99DE-46DC-AE8D-F5893CE1ABE1}.Release|Any CPU.ActiveCfg = Release|Any CPU
		{884A1604-99DE-46DC-AE8D-F5893CE1ABE1}.Release|Any CPU.Build.0 = Release|Any CPU
		{884A1604-99DE-46DC-AE8D-F5893CE1ABE1}.Release|arm64.ActiveCfg = Release|Any CPU
		{884A1604-99DE-46DC-AE8D-F5893CE1ABE1}.Release|arm64.Build.0 = Release|Any CPU
		{884A1604-99DE-46DC-AE8D-F5893CE1ABE1}.Release|x86.ActiveCfg = Release|Any CPU
		{884A1604-99DE-46DC-AE8D-F5893CE1ABE1}.Release|x86.Build.0 = Release|Any CPU
		{4B45D0AD-8813-4943-96B5-C319341E6554}.Debug|Any CPU.ActiveCfg = Debug|Any CPU
		{4B45D0AD-8813-4943-96B5-C319341E6554}.Debug|Any CPU.Build.0 = Debug|Any CPU
		{4B45D0AD-8813-4943-96B5-C319341E6554}.Debug|arm64.ActiveCfg = Debug|Any CPU
		{4B45D0AD-8813-4943-96B5-C319341E6554}.Debug|arm64.Build.0 = Debug|Any CPU
		{4B45D0AD-8813-4943-96B5-C319341E6554}.Debug|x86.ActiveCfg = Debug|Any CPU
		{4B45D0AD-8813-4943-96B5-C319341E6554}.Debug|x86.Build.0 = Debug|Any CPU
		{4B45D0AD-8813-4943-96B5-C319341E6554}.Release|Any CPU.ActiveCfg = Release|Any CPU
		{4B45D0AD-8813-4943-96B5-C319341E6554}.Release|Any CPU.Build.0 = Release|Any CPU
		{4B45D0AD-8813-4943-96B5-C319341E6554}.Release|arm64.ActiveCfg = Release|Any CPU
		{4B45D0AD-8813-4943-96B5-C319341E6554}.Release|arm64.Build.0 = Release|Any CPU
		{4B45D0AD-8813-4943-96B5-C319341E6554}.Release|x86.ActiveCfg = Release|Any CPU
		{4B45D0AD-8813-4943-96B5-C319341E6554}.Release|x86.Build.0 = Release|Any CPU
		{85EBEF2E-3BA7-44C2-8E06-AC75FB01D56D}.Debug|Any CPU.ActiveCfg = Debug|Any CPU
		{85EBEF2E-3BA7-44C2-8E06-AC75FB01D56D}.Debug|Any CPU.Build.0 = Debug|Any CPU
		{85EBEF2E-3BA7-44C2-8E06-AC75FB01D56D}.Debug|arm64.ActiveCfg = Debug|arm64
		{85EBEF2E-3BA7-44C2-8E06-AC75FB01D56D}.Debug|arm64.Build.0 = Debug|arm64
		{85EBEF2E-3BA7-44C2-8E06-AC75FB01D56D}.Debug|x86.ActiveCfg = Debug|x86
		{85EBEF2E-3BA7-44C2-8E06-AC75FB01D56D}.Debug|x86.Build.0 = Debug|x86
		{85EBEF2E-3BA7-44C2-8E06-AC75FB01D56D}.Release|Any CPU.ActiveCfg = Release|Any CPU
		{85EBEF2E-3BA7-44C2-8E06-AC75FB01D56D}.Release|Any CPU.Build.0 = Release|Any CPU
		{85EBEF2E-3BA7-44C2-8E06-AC75FB01D56D}.Release|arm64.ActiveCfg = Release|arm64
		{85EBEF2E-3BA7-44C2-8E06-AC75FB01D56D}.Release|arm64.Build.0 = Release|arm64
		{85EBEF2E-3BA7-44C2-8E06-AC75FB01D56D}.Release|x86.ActiveCfg = Release|x86
		{85EBEF2E-3BA7-44C2-8E06-AC75FB01D56D}.Release|x86.Build.0 = Release|x86
		{71147C7A-F27E-478B-A3A1-C006347C94DE}.Debug|Any CPU.ActiveCfg = Debug|Any CPU
		{71147C7A-F27E-478B-A3A1-C006347C94DE}.Debug|Any CPU.Build.0 = Debug|Any CPU
		{71147C7A-F27E-478B-A3A1-C006347C94DE}.Debug|arm64.ActiveCfg = Debug|Any CPU
		{71147C7A-F27E-478B-A3A1-C006347C94DE}.Debug|arm64.Build.0 = Debug|Any CPU
		{71147C7A-F27E-478B-A3A1-C006347C94DE}.Debug|x86.ActiveCfg = Debug|Any CPU
		{71147C7A-F27E-478B-A3A1-C006347C94DE}.Debug|x86.Build.0 = Debug|Any CPU
		{71147C7A-F27E-478B-A3A1-C006347C94DE}.Release|Any CPU.ActiveCfg = Release|Any CPU
		{71147C7A-F27E-478B-A3A1-C006347C94DE}.Release|Any CPU.Build.0 = Release|Any CPU
		{71147C7A-F27E-478B-A3A1-C006347C94DE}.Release|arm64.ActiveCfg = Release|Any CPU
		{71147C7A-F27E-478B-A3A1-C006347C94DE}.Release|arm64.Build.0 = Release|Any CPU
		{71147C7A-F27E-478B-A3A1-C006347C94DE}.Release|x86.ActiveCfg = Release|Any CPU
		{71147C7A-F27E-478B-A3A1-C006347C94DE}.Release|x86.Build.0 = Release|Any CPU
		{99B37CC5-2B5D-4CBA-923D-A8D7E3E63B6E}.Debug|Any CPU.ActiveCfg = Debug|Any CPU
		{99B37CC5-2B5D-4CBA-923D-A8D7E3E63B6E}.Debug|Any CPU.Build.0 = Debug|Any CPU
		{99B37CC5-2B5D-4CBA-923D-A8D7E3E63B6E}.Debug|arm64.ActiveCfg = Debug|Any CPU
		{99B37CC5-2B5D-4CBA-923D-A8D7E3E63B6E}.Debug|arm64.Build.0 = Debug|Any CPU
		{99B37CC5-2B5D-4CBA-923D-A8D7E3E63B6E}.Debug|x86.ActiveCfg = Debug|Any CPU
		{99B37CC5-2B5D-4CBA-923D-A8D7E3E63B6E}.Debug|x86.Build.0 = Debug|Any CPU
		{99B37CC5-2B5D-4CBA-923D-A8D7E3E63B6E}.Release|Any CPU.ActiveCfg = Release|Any CPU
		{99B37CC5-2B5D-4CBA-923D-A8D7E3E63B6E}.Release|Any CPU.Build.0 = Release|Any CPU
		{99B37CC5-2B5D-4CBA-923D-A8D7E3E63B6E}.Release|arm64.ActiveCfg = Release|Any CPU
		{99B37CC5-2B5D-4CBA-923D-A8D7E3E63B6E}.Release|arm64.Build.0 = Release|Any CPU
		{99B37CC5-2B5D-4CBA-923D-A8D7E3E63B6E}.Release|x86.ActiveCfg = Release|Any CPU
		{99B37CC5-2B5D-4CBA-923D-A8D7E3E63B6E}.Release|x86.Build.0 = Release|Any CPU
	EndGlobalSection
	GlobalSection(SolutionProperties) = preSolution
		HideSolutionNode = FALSE
	EndGlobalSection
	GlobalSection(ExtensibilityGlobals) = postSolution
		SolutionGuid = {C675A811-8CCC-4023-B56F-8B8BEE9949A1}
	EndGlobalSection
EndGlobal
